
Microsoft Visual Studio Solution File, Format Version 12.00
# Visual Studio Version 16
VisualStudioVersion = 16.0.30225.117
MinimumVisualStudioVersion = 10.0.40219.1
Project("{8BC9CEB8-8B4A-11D0-8D11-00A0C91BC942}") = "Biom_Constructor", "Biom_Constructor\Biom_Constructor.vcxproj", "{894D934E-E8FB-4AB5-AB3F-1D4576588873}"
EndProject
Global
	GlobalSection(SolutionConfigurationPlatforms) = preSolution
		Debug|x64 = Debug|x64
		Debug|x86 = Debug|x86
		Release|x64 = Release|x64
		Release|x86 = Release|x86
	EndGlobalSection
	GlobalSection(ProjectConfigurationPlatforms) = postSolution
		{894D934E-E8FB-4AB5-AB3F-1D4576588873}.Debug|x64.ActiveCfg = Debug|x64
		{894D934E-E8FB-4AB5-AB3F-1D4576588873}.Debug|x64.Build.0 = Debug|x64
		{894D934E-E8FB-4AB5-AB3F-1D4576588873}.Debug|x86.ActiveCfg = Debug|Win32
		{894D934E-E8FB-4AB5-AB3F-1D4576588873}.Debug|x86.Build.0 = Debug|Win32
		{894D934E-E8FB-4AB5-AB3F-1D4576588873}.Release|x64.ActiveCfg = Release|x64
		{894D934E-E8FB-4AB5-AB3F-1D4576588873}.Release|x64.Build.0 = Release|x64
		{894D934E-E8FB-4AB5-AB3F-1D4576588873}.Release|x86.ActiveCfg = Release|Win32
		{894D934E-E8FB-4AB5-AB3F-1D4576588873}.Release|x86.Build.0 = Release|Win32
	EndGlobalSection
	GlobalSection(SolutionProperties) = preSolution
		HideSolutionNode = FALSE
	EndGlobalSection
	GlobalSection(ExtensibilityGlobals) = postSolution
		SolutionGuid = {A3264569-C276-412E-BA1C-AB2DE952854C}
	EndGlobalSection
EndGlobal
